
Microsoft Visual Studio Solution File, Format Version 12.00
# Visual Studio Version 17
VisualStudioVersion = 17.2.32516.85
MinimumVisualStudioVersion = 10.0.40219.1
Project("{FAE04EC0-301F-11D3-BF4B-00C04F79EFBC}") = "html2word", "html2word\html2word.csproj", "{19E52579-3B31-4966-9F87-B532E1032FCC}"
EndProject
Global
	GlobalSection(SolutionConfigurationPlatforms) = preSolution
		Debug|Any CPU = Debug|Any CPU
		Release|Any CPU = Release|Any CPU
	EndGlobalSection
	GlobalSection(ProjectConfigurationPlatforms) = postSolution
		{19E52579-3B31-4966-9F87-B532E1032FCC}.Debug|Any CPU.ActiveCfg = Debug|Any CPU
		{19E52579-3B31-4966-9F87-B532E1032FCC}.Debug|Any CPU.Build.0 = Debug|Any CPU
		{19E52579-3B31-4966-9F87-B532E1032FCC}.Release|Any CPU.ActiveCfg = Release|Any CPU
		{19E52579-3B31-4966-9F87-B532E1032FCC}.Release|Any CPU.Build.0 = Release|Any CPU
	EndGlobalSection
	GlobalSection(SolutionProperties) = preSolution
		HideSolutionNode = FALSE
	EndGlobalSection
	GlobalSection(ExtensibilityGlobals) = postSolution
		SolutionGuid = {0A0FAA24-BE51-4C3F-A008-AB61D7591E72}
	EndGlobalSection
EndGlobal
